
Microsoft Visual Studio Solution File, Format Version 12.00
# Visual Studio 15
VisualStudioVersion = 15.0.28307.136
MinimumVisualStudioVersion = 10.0.40219.1
Project("{FAE04EC0-301F-11D3-BF4B-00C04F79EFBC}") = "RDFSharp.Semantics", "RDFSharp.Semantics\RDFSharp.Semantics.csproj", "{2BE71F3A-943B-464A-8FE8-7D7BCBF23100}"
EndProject
Project("{FAE04EC0-301F-11D3-BF4B-00C04F79EFBC}") = "RDFSharp.Semantics.Reasoner", "RDFSharp.Semantics.Reasoner\RDFSharp.Semantics.Reasoner.csproj", "{CB4B033C-E243-43F9-BA10-9050BDD9ADBC}"
EndProject
Project("{FAE04EC0-301F-11D3-BF4B-00C04F79EFBC}") = "RDFSharp.Semantics.Validator", "RDFSharp.Semantics.Validator\RDFSharp.Semantics.Validator.csproj", "{C8D60DDF-C944-497D-BE77-B04B185F1D21}"
EndProject
Project("{FAE04EC0-301F-11D3-BF4B-00C04F79EFBC}") = "RDFSharp.Semantics.LinkedData", "RDFSharp.Semantics.LinkedData\RDFSharp.Semantics.LinkedData.csproj", "{5B864C1C-711A-4349-AA56-77EE3BFDC4E8}"
EndProject
Global
	GlobalSection(SolutionConfigurationPlatforms) = preSolution
		Debug|Any CPU = Debug|Any CPU
		Release|Any CPU = Release|Any CPU
	EndGlobalSection
	GlobalSection(ProjectConfigurationPlatforms) = postSolution
		{2BE71F3A-943B-464A-8FE8-7D7BCBF23100}.Debug|Any CPU.ActiveCfg = Debug|Any CPU
		{2BE71F3A-943B-464A-8FE8-7D7BCBF23100}.Debug|Any CPU.Build.0 = Debug|Any CPU
		{2BE71F3A-943B-464A-8FE8-7D7BCBF23100}.Release|Any CPU.ActiveCfg = Release|Any CPU
		{2BE71F3A-943B-464A-8FE8-7D7BCBF23100}.Release|Any CPU.Build.0 = Release|Any CPU
		{CB4B033C-E243-43F9-BA10-9050BDD9ADBC}.Debug|Any CPU.ActiveCfg = Debug|Any CPU
		{CB4B033C-E243-43F9-BA10-9050BDD9ADBC}.Debug|Any CPU.Build.0 = Debug|Any CPU
		{CB4B033C-E243-43F9-BA10-9050BDD9ADBC}.Release|Any CPU.ActiveCfg = Release|Any CPU
		{CB4B033C-E243-43F9-BA10-9050BDD9ADBC}.Release|Any CPU.Build.0 = Release|Any CPU
		{C8D60DDF-C944-497D-BE77-B04B185F1D21}.Debug|Any CPU.ActiveCfg = Debug|Any CPU
		{C8D60DDF-C944-497D-BE77-B04B185F1D21}.Debug|Any CPU.Build.0 = Debug|Any CPU
		{C8D60DDF-C944-497D-BE77-B04B185F1D21}.Release|Any CPU.ActiveCfg = Release|Any CPU
		{C8D60DDF-C944-497D-BE77-B04B185F1D21}.Release|Any CPU.Build.0 = Release|Any CPU
		{5B864C1C-711A-4349-AA56-77EE3BFDC4E8}.Debug|Any CPU.ActiveCfg = Debug|Any CPU
		{5B864C1C-711A-4349-AA56-77EE3BFDC4E8}.Debug|Any CPU.Build.0 = Debug|Any CPU
		{5B864C1C-711A-4349-AA56-77EE3BFDC4E8}.Release|Any CPU.ActiveCfg = Release|Any CPU
		{5B864C1C-711A-4349-AA56-77EE3BFDC4E8}.Release|Any CPU.Build.0 = Release|Any CPU
	EndGlobalSection
	GlobalSection(SolutionProperties) = preSolution
		HideSolutionNode = FALSE
	EndGlobalSection
	GlobalSection(ExtensibilityGlobals) = postSolution
		SolutionGuid = {FDD2B7E0-5BC5-4636-997B-778F43D467E8}
	EndGlobalSection
EndGlobal
