
Microsoft Visual Studio Solution File, Format Version 11.00
# Visual Studio 2010
Project("{FAE04EC0-301F-11D3-BF4B-00C04F79EFBC}") = "RDFSharp.Semantics", "RDFSharp.Semantics\RDFSharp.Semantics.csproj", "{2BE71F3A-943B-464A-8FE8-7D7BCBF23100}"
EndProject
Project("{FAE04EC0-301F-11D3-BF4B-00C04F79EFBC}") = "RDFSharp.Semantics.Reasoner", "RDFSharp.Semantics.Reasoner\RDFSharp.Semantics.Reasoner.csproj", "{F83FFAD7-0EA5-4F31-AA27-C10F3AEBA13E}"
EndProject
Project("{FAE04EC0-301F-11D3-BF4B-00C04F79EFBC}") = "RDFSharp.Semantics.Validator", "RDFSharp.Semantics.Validator\RDFSharp.Semantics.Validator.csproj", "{40C21A0A-9283-4308-83BC-25393C0AADB3}"
EndProject
Global
	GlobalSection(SolutionConfigurationPlatforms) = preSolution
		Debug|Any CPU = Debug|Any CPU
		Release|Any CPU = Release|Any CPU
	EndGlobalSection
	GlobalSection(ProjectConfigurationPlatforms) = postSolution
		{2BE71F3A-943B-464A-8FE8-7D7BCBF23100}.Debug|Any CPU.ActiveCfg = Debug|Any CPU
		{2BE71F3A-943B-464A-8FE8-7D7BCBF23100}.Debug|Any CPU.Build.0 = Debug|Any CPU
		{2BE71F3A-943B-464A-8FE8-7D7BCBF23100}.Release|Any CPU.ActiveCfg = Release|Any CPU
		{2BE71F3A-943B-464A-8FE8-7D7BCBF23100}.Release|Any CPU.Build.0 = Release|Any CPU
		{F83FFAD7-0EA5-4F31-AA27-C10F3AEBA13E}.Debug|Any CPU.ActiveCfg = Debug|Any CPU
		{F83FFAD7-0EA5-4F31-AA27-C10F3AEBA13E}.Debug|Any CPU.Build.0 = Debug|Any CPU
		{F83FFAD7-0EA5-4F31-AA27-C10F3AEBA13E}.Release|Any CPU.ActiveCfg = Release|Any CPU
		{F83FFAD7-0EA5-4F31-AA27-C10F3AEBA13E}.Release|Any CPU.Build.0 = Release|Any CPU
		{40C21A0A-9283-4308-83BC-25393C0AADB3}.Debug|Any CPU.ActiveCfg = Debug|Any CPU
		{40C21A0A-9283-4308-83BC-25393C0AADB3}.Debug|Any CPU.Build.0 = Debug|Any CPU
		{40C21A0A-9283-4308-83BC-25393C0AADB3}.Release|Any CPU.ActiveCfg = Release|Any CPU
		{40C21A0A-9283-4308-83BC-25393C0AADB3}.Release|Any CPU.Build.0 = Release|Any CPU
	EndGlobalSection
	GlobalSection(SolutionProperties) = preSolution
		HideSolutionNode = FALSE
	EndGlobalSection
EndGlobal
